
Microsoft Visual Studio Solution File, Format Version 12.00
# Visual Studio 2013
VisualStudioVersion = 12.0.30501.0
MinimumVisualStudioVersion = 10.0.40219.1
Project("{FAE04EC0-301F-11D3-BF4B-00C04F79EFBC}") = "ToastStream", "ToastStream\ToastStream.csproj", "{5279F8E5-2AD2-4BBC-9F12-94FF53E6A209}"
	ProjectSection(ProjectDependencies) = postProject
		{5111BC95-66C8-4970-AFE0-8C8C1B26B7B8} = {5111BC95-66C8-4970-AFE0-8C8C1B26B7B8}
	EndProjectSection
EndProject
Project("{FAE04EC0-301F-11D3-BF4B-00C04F79EFBC}") = "Lorelei", "Lorelei\Lorelei.csproj", "{5111BC95-66C8-4970-AFE0-8C8C1B26B7B8}"
EndProject
Global
	GlobalSection(SolutionConfigurationPlatforms) = preSolution
		Debug|Any CPU = Debug|Any CPU
		Debug|Mixed Platforms = Debug|Mixed Platforms
		Debug|x86 = Debug|x86
		Release|Any CPU = Release|Any CPU
		Release|Mixed Platforms = Release|Mixed Platforms
		Release|x86 = Release|x86
	EndGlobalSection
	GlobalSection(ProjectConfigurationPlatforms) = postSolution
		{5279F8E5-2AD2-4BBC-9F12-94FF53E6A209}.Debug|Any CPU.ActiveCfg = Debug|x86
		{5279F8E5-2AD2-4BBC-9F12-94FF53E6A209}.Debug|Mixed Platforms.ActiveCfg = Debug|x86
		{5279F8E5-2AD2-4BBC-9F12-94FF53E6A209}.Debug|Mixed Platforms.Build.0 = Debug|x86
		{5279F8E5-2AD2-4BBC-9F12-94FF53E6A209}.Debug|x86.ActiveCfg = Debug|x86
		{5279F8E5-2AD2-4BBC-9F12-94FF53E6A209}.Debug|x86.Build.0 = Debug|x86
		{5279F8E5-2AD2-4BBC-9F12-94FF53E6A209}.Release|Any CPU.ActiveCfg = Release|x86
		{5279F8E5-2AD2-4BBC-9F12-94FF53E6A209}.Release|Mixed Platforms.ActiveCfg = Release|x86
		{5279F8E5-2AD2-4BBC-9F12-94FF53E6A209}.Release|Mixed Platforms.Build.0 = Release|x86
		{5279F8E5-2AD2-4BBC-9F12-94FF53E6A209}.Release|x86.ActiveCfg = Release|x86
		{5279F8E5-2AD2-4BBC-9F12-94FF53E6A209}.Release|x86.Build.0 = Release|x86
		{5111BC95-66C8-4970-AFE0-8C8C1B26B7B8}.Debug|Any CPU.ActiveCfg = Debug|Any CPU
		{5111BC95-66C8-4970-AFE0-8C8C1B26B7B8}.Debug|Any CPU.Build.0 = Debug|Any CPU
		{5111BC95-66C8-4970-AFE0-8C8C1B26B7B8}.Debug|Mixed Platforms.ActiveCfg = Debug|Any CPU
		{5111BC95-66C8-4970-AFE0-8C8C1B26B7B8}.Debug|Mixed Platforms.Build.0 = Debug|Any CPU
		{5111BC95-66C8-4970-AFE0-8C8C1B26B7B8}.Debug|x86.ActiveCfg = Debug|Any CPU
		{5111BC95-66C8-4970-AFE0-8C8C1B26B7B8}.Release|Any CPU.ActiveCfg = Release|Any CPU
		{5111BC95-66C8-4970-AFE0-8C8C1B26B7B8}.Release|Any CPU.Build.0 = Release|Any CPU
		{5111BC95-66C8-4970-AFE0-8C8C1B26B7B8}.Release|Mixed Platforms.ActiveCfg = Release|Any CPU
		{5111BC95-66C8-4970-AFE0-8C8C1B26B7B8}.Release|Mixed Platforms.Build.0 = Release|Any CPU
		{5111BC95-66C8-4970-AFE0-8C8C1B26B7B8}.Release|x86.ActiveCfg = Release|Any CPU
	EndGlobalSection
	GlobalSection(SolutionProperties) = preSolution
		HideSolutionNode = FALSE
	EndGlobalSection
EndGlobal
